
Microsoft Visual Studio Solution File, Format Version 12.00
# Visual Studio Version 17
VisualStudioVersion = 17.11.35312.102
MinimumVisualStudioVersion = 10.0.40219.1
Project("{FAE04EC0-301F-11D3-BF4B-00C04F79EFBC}") = "inclass", "inclass\inclass.csproj", "{D0AAE295-0D20-476C-ABE0-26234309CBB0}"
EndProject
Global
	GlobalSection(SolutionConfigurationPlatforms) = preSolution
		Debug|Any CPU = Debug|Any CPU
		Release|Any CPU = Release|Any CPU
	EndGlobalSection
	GlobalSection(ProjectConfigurationPlatforms) = postSolution
		{D0AAE295-0D20-476C-ABE0-26234309CBB0}.Debug|Any CPU.ActiveCfg = Debug|Any CPU
		{D0AAE295-0D20-476C-ABE0-26234309CBB0}.Debug|Any CPU.Build.0 = Debug|Any CPU
		{D0AAE295-0D20-476C-ABE0-26234309CBB0}.Release|Any CPU.ActiveCfg = Release|Any CPU
		{D0AAE295-0D20-476C-ABE0-26234309CBB0}.Release|Any CPU.Build.0 = Release|Any CPU
	EndGlobalSection
	GlobalSection(SolutionProperties) = preSolution
		HideSolutionNode = FALSE
	EndGlobalSection
	GlobalSection(ExtensibilityGlobals) = postSolution
		SolutionGuid = {B5D28EBA-1E54-4ECB-9A50-7C6AC321F4F3}
	EndGlobalSection
EndGlobal
